
Microsoft Visual Studio Solution File, Format Version 12.00
# Visual Studio Version 17
VisualStudioVersion = 17.7.34202.233
MinimumVisualStudioVersion = 10.0.40219.1
Project("{9A19103F-16F7-4668-BE54-9A1E7A4F7556}") = "Azure.Developer.FunctionApp", "Azure.Developer.FunctionApp\Azure.Developer.FunctionApp.csproj", "{8C408D5E-1E89-4216-BBCA-7F1D969721A6}"
EndProject
Project("{9A19103F-16F7-4668-BE54-9A1E7A4F7556}") = "Azure.Developer.FunctionApp.Test", "Azure.Developer.FunctionApp.Test\Azure.Developer.FunctionApp.Test.csproj", "{7CF2CE3D-9BBF-436A-8330-A1D87FEE2BCF}"
EndProject
Project("{9A19103F-16F7-4668-BE54-9A1E7A4F7556}") = "Azure.Developer.Service", "Azure.Developer.Service\Azure.Developer.Service.csproj", "{99939BA2-8F92-4B17-8B11-773BC1A53DE0}"
EndProject
Global
	GlobalSection(SolutionConfigurationPlatforms) = preSolution
		Debug|Any CPU = Debug|Any CPU
		Release|Any CPU = Release|Any CPU
	EndGlobalSection
	GlobalSection(ProjectConfigurationPlatforms) = postSolution
		{8C408D5E-1E89-4216-BBCA-7F1D969721A6}.Debug|Any CPU.ActiveCfg = Debug|Any CPU
		{8C408D5E-1E89-4216-BBCA-7F1D969721A6}.Debug|Any CPU.Build.0 = Debug|Any CPU
		{8C408D5E-1E89-4216-BBCA-7F1D969721A6}.Release|Any CPU.ActiveCfg = Release|Any CPU
		{8C408D5E-1E89-4216-BBCA-7F1D969721A6}.Release|Any CPU.Build.0 = Release|Any CPU
		{7CF2CE3D-9BBF-436A-8330-A1D87FEE2BCF}.Debug|Any CPU.ActiveCfg = Debug|Any CPU
		{7CF2CE3D-9BBF-436A-8330-A1D87FEE2BCF}.Debug|Any CPU.Build.0 = Debug|Any CPU
		{7CF2CE3D-9BBF-436A-8330-A1D87FEE2BCF}.Release|Any CPU.ActiveCfg = Release|Any CPU
		{7CF2CE3D-9BBF-436A-8330-A1D87FEE2BCF}.Release|Any CPU.Build.0 = Release|Any CPU
		{99939BA2-8F92-4B17-8B11-773BC1A53DE0}.Debug|Any CPU.ActiveCfg = Debug|Any CPU
		{99939BA2-8F92-4B17-8B11-773BC1A53DE0}.Debug|Any CPU.Build.0 = Debug|Any CPU
		{99939BA2-8F92-4B17-8B11-773BC1A53DE0}.Release|Any CPU.ActiveCfg = Release|Any CPU
		{99939BA2-8F92-4B17-8B11-773BC1A53DE0}.Release|Any CPU.Build.0 = Release|Any CPU
	EndGlobalSection
	GlobalSection(SolutionProperties) = preSolution
		HideSolutionNode = FALSE
	EndGlobalSection
	GlobalSection(ExtensibilityGlobals) = postSolution
		SolutionGuid = {63184B10-A95F-4993-A8D8-447F623C0608}
	EndGlobalSection
EndGlobal
